
Microsoft Visual Studio Solution File, Format Version 12.00
# Visual Studio Version 16
VisualStudioVersion = 16.0.29709.97
MinimumVisualStudioVersion = 10.0.40219.1
Project("{FAE04EC0-301F-11D3-BF4B-00C04F79EFBC}") = "MVC", "MVC.csproj", "{D76BB750-31D1-47B5-B4E7-BE7EE603DCAE}"
EndProject
Global
	GlobalSection(SolutionConfigurationPlatforms) = preSolution
		Debug|Any CPU = Debug|Any CPU
		Release|Any CPU = Release|Any CPU
	EndGlobalSection
	GlobalSection(ProjectConfigurationPlatforms) = postSolution
		{D76BB750-31D1-47B5-B4E7-BE7EE603DCAE}.Debug|Any CPU.ActiveCfg = Debug|Any CPU
		{D76BB750-31D1-47B5-B4E7-BE7EE603DCAE}.Debug|Any CPU.Build.0 = Debug|Any CPU
		{D76BB750-31D1-47B5-B4E7-BE7EE603DCAE}.Release|Any CPU.ActiveCfg = Release|Any CPU
		{D76BB750-31D1-47B5-B4E7-BE7EE603DCAE}.Release|Any CPU.Build.0 = Release|Any CPU
	EndGlobalSection
	GlobalSection(SolutionProperties) = preSolution
		HideSolutionNode = FALSE
	EndGlobalSection
	GlobalSection(ExtensibilityGlobals) = postSolution
		SolutionGuid = {851FF282-52BB-4E83-941E-116F97D15669}
	EndGlobalSection
EndGlobal
